
Microsoft Visual Studio Solution File, Format Version 12.00
# Visual Studio Version 17
VisualStudioVersion = 17.7.34018.315
MinimumVisualStudioVersion = 10.0.40219.1
Project("{FAE04EC0-301F-11D3-BF4B-00C04F79EFBC}") = "Assignment10", "Assignment10\Assignment10.csproj", "{983AA42C-9B36-4980-87B0-DC7C8CAE66BA}"
EndProject
Global
	GlobalSection(SolutionConfigurationPlatforms) = preSolution
		Debug|Any CPU = Debug|Any CPU
		Release|Any CPU = Release|Any CPU
	EndGlobalSection
	GlobalSection(ProjectConfigurationPlatforms) = postSolution
		{983AA42C-9B36-4980-87B0-DC7C8CAE66BA}.Debug|Any CPU.ActiveCfg = Debug|Any CPU
		{983AA42C-9B36-4980-87B0-DC7C8CAE66BA}.Debug|Any CPU.Build.0 = Debug|Any CPU
		{983AA42C-9B36-4980-87B0-DC7C8CAE66BA}.Release|Any CPU.ActiveCfg = Release|Any CPU
		{983AA42C-9B36-4980-87B0-DC7C8CAE66BA}.Release|Any CPU.Build.0 = Release|Any CPU
	EndGlobalSection
	GlobalSection(SolutionProperties) = preSolution
		HideSolutionNode = FALSE
	EndGlobalSection
	GlobalSection(ExtensibilityGlobals) = postSolution
		SolutionGuid = {24CC5BA3-D6DC-46D0-A361-A340CA60CA61}
	EndGlobalSection
EndGlobal
